
Microsoft Visual Studio Solution File, Format Version 12.00
# Visual Studio Version 17
VisualStudioVersion = 17.1.32328.378
MinimumVisualStudioVersion = 10.0.40219.1
Project("{FAE04EC0-301F-11D3-BF4B-00C04F79EFBC}") = "Dict", "Dict\Dict.csproj", "{00018E5A-9A64-4D86-9B33-5F446D48D4CE}"
EndProject
Global
	GlobalSection(SolutionConfigurationPlatforms) = preSolution
		Debug|Any CPU = Debug|Any CPU
		Release|Any CPU = Release|Any CPU
	EndGlobalSection
	GlobalSection(ProjectConfigurationPlatforms) = postSolution
		{00018E5A-9A64-4D86-9B33-5F446D48D4CE}.Debug|Any CPU.ActiveCfg = Debug|Any CPU
		{00018E5A-9A64-4D86-9B33-5F446D48D4CE}.Debug|Any CPU.Build.0 = Debug|Any CPU
		{00018E5A-9A64-4D86-9B33-5F446D48D4CE}.Release|Any CPU.ActiveCfg = Release|Any CPU
		{00018E5A-9A64-4D86-9B33-5F446D48D4CE}.Release|Any CPU.Build.0 = Release|Any CPU
	EndGlobalSection
	GlobalSection(SolutionProperties) = preSolution
		HideSolutionNode = FALSE
	EndGlobalSection
	GlobalSection(ExtensibilityGlobals) = postSolution
		SolutionGuid = {901E2CC4-9A7D-48C0-A768-119C826D7102}
	EndGlobalSection
EndGlobal
